{
  "name": "node-snake",
  "version": "1.0.0",
  "lockfileVersion": 3,
  "requires": true,
  "packages": {
    "": {
      "name": "node-snake",
      "version": "1.0.0",
      "license": "MIT",
      "dependencies": {
        "blessed": "^0.1.81",
        "readline-sync": "^1.4.10"
      }
    },
    "node_modules/blessed": {
      "version": "0.1.81",
      "license": "MIT",
      "bin": {
        "blessed": "bin/tput.js"
      },
      "engines": {
        "node": ">= 0.8.0"
      }
    },
    "node_modules/readline-sync": {
      "version": "1.4.10",
      "license": "MIT",
      "engines": {
        "node": ">= 0.8.0"
      }
    }
  }
}
